
Microsoft Visual Studio Solution File, Format Version 12.00
# Visual Studio Version 17
VisualStudioVersion = 17.3.32929.385
MinimumVisualStudioVersion = 10.0.40219.1
Project("{FAE04EC0-301F-11D3-BF4B-00C04F79EFBC}") = "Puzzle.Android", "Puzzle.Android\Puzzle.Android.csproj", "{73696BF3-3807-4E02-BE2B-9C39D2ED3FBD}"
EndProject
Project("{FAE04EC0-301F-11D3-BF4B-00C04F79EFBC}") = "Puzzle.iOS", "Puzzle.iOS\Puzzle.iOS.csproj", "{3443044A-CF9D-4596-A4E1-1523408A8C28}"
EndProject
Project("{FAE04EC0-301F-11D3-BF4B-00C04F79EFBC}") = "Puzzle", "Puzzle\Puzzle.csproj", "{0BE466AC-96F2-4716-8658-62D716FB3458}"
EndProject
Global
	GlobalSection(SolutionConfigurationPlatforms) = preSolution
		Debug|Any CPU = Debug|Any CPU
		Debug|iPhone = Debug|iPhone
		Debug|iPhoneSimulator = Debug|iPhoneSimulator
		Release|Any CPU = Release|Any CPU
		Release|iPhone = Release|iPhone
		Release|iPhoneSimulator = Release|iPhoneSimulator
	EndGlobalSection
	GlobalSection(ProjectConfigurationPlatforms) = postSolution
		{73696BF3-3807-4E02-BE2B-9C39D2ED3FBD}.Debug|Any CPU.ActiveCfg = Debug|Any CPU
		{73696BF3-3807-4E02-BE2B-9C39D2ED3FBD}.Debug|Any CPU.Build.0 = Debug|Any CPU
		{73696BF3-3807-4E02-BE2B-9C39D2ED3FBD}.Debug|Any CPU.Deploy.0 = Debug|Any CPU
		{73696BF3-3807-4E02-BE2B-9C39D2ED3FBD}.Debug|iPhone.ActiveCfg = Debug|Any CPU
		{73696BF3-3807-4E02-BE2B-9C39D2ED3FBD}.Debug|iPhone.Build.0 = Debug|Any CPU
		{73696BF3-3807-4E02-BE2B-9C39D2ED3FBD}.Debug|iPhone.Deploy.0 = Debug|Any CPU
		{73696BF3-3807-4E02-BE2B-9C39D2ED3FBD}.Debug|iPhoneSimulator.ActiveCfg = Debug|Any CPU
		{73696BF3-3807-4E02-BE2B-9C39D2ED3FBD}.Debug|iPhoneSimulator.Build.0 = Debug|Any CPU
		{73696BF3-3807-4E02-BE2B-9C39D2ED3FBD}.Debug|iPhoneSimulator.Deploy.0 = Debug|Any CPU
		{73696BF3-3807-4E02-BE2B-9C39D2ED3FBD}.Release|Any CPU.ActiveCfg = Release|Any CPU
		{73696BF3-3807-4E02-BE2B-9C39D2ED3FBD}.Release|Any CPU.Build.0 = Release|Any CPU
		{73696BF3-3807-4E02-BE2B-9C39D2ED3FBD}.Release|Any CPU.Deploy.0 = Release|Any CPU
		{73696BF3-3807-4E02-BE2B-9C39D2ED3FBD}.Release|iPhone.ActiveCfg = Release|Any CPU
		{73696BF3-3807-4E02-BE2B-9C39D2ED3FBD}.Release|iPhone.Build.0 = Release|Any CPU
		{73696BF3-3807-4E02-BE2B-9C39D2ED3FBD}.Release|iPhone.Deploy.0 = Release|Any CPU
		{73696BF3-3807-4E02-BE2B-9C39D2ED3FBD}.Release|iPhoneSimulator.ActiveCfg = Release|Any CPU
		{73696BF3-3807-4E02-BE2B-9C39D2ED3FBD}.Release|iPhoneSimulator.Build.0 = Release|Any CPU
		{73696BF3-3807-4E02-BE2B-9C39D2ED3FBD}.Release|iPhoneSimulator.Deploy.0 = Release|Any CPU
		{3443044A-CF9D-4596-A4E1-1523408A8C28}.Debug|Any CPU.ActiveCfg = Debug|iPhone
		{3443044A-CF9D-4596-A4E1-1523408A8C28}.Debug|Any CPU.Build.0 = Debug|iPhone
		{3443044A-CF9D-4596-A4E1-1523408A8C28}.Debug|Any CPU.Deploy.0 = Debug|iPhone
		{3443044A-CF9D-4596-A4E1-1523408A8C28}.Debug|iPhone.ActiveCfg = Debug|iPhone
		{3443044A-CF9D-4596-A4E1-1523408A8C28}.Debug|iPhone.Build.0 = Debug|iPhone
		{3443044A-CF9D-4596-A4E1-1523408A8C28}.Debug|iPhone.Deploy.0 = Debug|iPhone
		{3443044A-CF9D-4596-A4E1-1523408A8C28}.Debug|iPhoneSimulator.ActiveCfg = Debug|iPhoneSimulator
		{3443044A-CF9D-4596-A4E1-1523408A8C28}.Debug|iPhoneSimulator.Build.0 = Debug|iPhoneSimulator
		{3443044A-CF9D-4596-A4E1-1523408A8C28}.Debug|iPhoneSimulator.Deploy.0 = Debug|iPhoneSimulator
		{3443044A-CF9D-4596-A4E1-1523408A8C28}.Release|Any CPU.ActiveCfg = Release|iPhoneSimulator
		{3443044A-CF9D-4596-A4E1-1523408A8C28}.Release|Any CPU.Build.0 = Release|iPhoneSimulator
		{3443044A-CF9D-4596-A4E1-1523408A8C28}.Release|Any CPU.Deploy.0 = Release|iPhoneSimulator
		{3443044A-CF9D-4596-A4E1-1523408A8C28}.Release|iPhone.ActiveCfg = Release|iPhone
		{3443044A-CF9D-4596-A4E1-1523408A8C28}.Release|iPhone.Build.0 = Release|iPhone
		{3443044A-CF9D-4596-A4E1-1523408A8C28}.Release|iPhone.Deploy.0 = Release|iPhone
		{3443044A-CF9D-4596-A4E1-1523408A8C28}.Release|iPhoneSimulator.ActiveCfg = Release|iPhoneSimulator
		{3443044A-CF9D-4596-A4E1-1523408A8C28}.Release|iPhoneSimulator.Build.0 = Release|iPhoneSimulator
		{3443044A-CF9D-4596-A4E1-1523408A8C28}.Release|iPhoneSimulator.Deploy.0 = Release|iPhoneSimulator
		{0BE466AC-96F2-4716-8658-62D716FB3458}.Debug|Any CPU.ActiveCfg = Debug|Any CPU
		{0BE466AC-96F2-4716-8658-62D716FB3458}.Debug|Any CPU.Build.0 = Debug|Any CPU
		{0BE466AC-96F2-4716-8658-62D716FB3458}.Debug|Any CPU.Deploy.0 = Debug|Any CPU
		{0BE466AC-96F2-4716-8658-62D716FB3458}.Debug|iPhone.ActiveCfg = Debug|Any CPU
		{0BE466AC-96F2-4716-8658-62D716FB3458}.Debug|iPhone.Build.0 = Debug|Any CPU
		{0BE466AC-96F2-4716-8658-62D716FB3458}.Debug|iPhone.Deploy.0 = Debug|Any CPU
		{0BE466AC-96F2-4716-8658-62D716FB3458}.Debug|iPhoneSimulator.ActiveCfg = Debug|Any CPU
		{0BE466AC-96F2-4716-8658-62D716FB3458}.Debug|iPhoneSimulator.Build.0 = Debug|Any CPU
		{0BE466AC-96F2-4716-8658-62D716FB3458}.Debug|iPhoneSimulator.Deploy.0 = Debug|Any CPU
		{0BE466AC-96F2-4716-8658-62D716FB3458}.Release|Any CPU.ActiveCfg = Release|Any CPU
		{0BE466AC-96F2-4716-8658-62D716FB3458}.Release|Any CPU.Build.0 = Release|Any CPU
		{0BE466AC-96F2-4716-8658-62D716FB3458}.Release|Any CPU.Deploy.0 = Release|Any CPU
		{0BE466AC-96F2-4716-8658-62D716FB3458}.Release|iPhone.ActiveCfg = Release|Any CPU
		{0BE466AC-96F2-4716-8658-62D716FB3458}.Release|iPhone.Build.0 = Release|Any CPU
		{0BE466AC-96F2-4716-8658-62D716FB3458}.Release|iPhone.Deploy.0 = Release|Any CPU
		{0BE466AC-96F2-4716-8658-62D716FB3458}.Release|iPhoneSimulator.ActiveCfg = Release|Any CPU
		{0BE466AC-96F2-4716-8658-62D716FB3458}.Release|iPhoneSimulator.Build.0 = Release|Any CPU
		{0BE466AC-96F2-4716-8658-62D716FB3458}.Release|iPhoneSimulator.Deploy.0 = Release|Any CPU
	EndGlobalSection
	GlobalSection(SolutionProperties) = preSolution
		HideSolutionNode = FALSE
	EndGlobalSection
	GlobalSection(ExtensibilityGlobals) = postSolution
		SolutionGuid = {2869D1D2-76A4-4FC2-90D4-3991AEE9B254}
	EndGlobalSection
EndGlobal
